
Microsoft Visual Studio Solution File, Format Version 12.00
# Visual Studio Version 17
VisualStudioVersion = 17.10.34916.146
MinimumVisualStudioVersion = 10.0.40219.1
Project("{FAE04EC0-301F-11D3-BF4B-00C04F79EFBC}") = "MyCoreApp", "MyCoreApp.csproj", "{D0402C6F-447A-4397-9A0C-561AB8FF18F5}"
EndProject
Global
	GlobalSection(SolutionConfigurationPlatforms) = preSolution
		Debug|Any CPU = Debug|Any CPU
		Release|Any CPU = Release|Any CPU
	EndGlobalSection
	GlobalSection(ProjectConfigurationPlatforms) = postSolution
		{D0402C6F-447A-4397-9A0C-561AB8FF18F5}.Debug|Any CPU.ActiveCfg = Debug|Any CPU
		{D0402C6F-447A-4397-9A0C-561AB8FF18F5}.Debug|Any CPU.Build.0 = Debug|Any CPU
		{D0402C6F-447A-4397-9A0C-561AB8FF18F5}.Release|Any CPU.ActiveCfg = Release|Any CPU
		{D0402C6F-447A-4397-9A0C-561AB8FF18F5}.Release|Any CPU.Build.0 = Release|Any CPU
	EndGlobalSection
	GlobalSection(SolutionProperties) = preSolution
		HideSolutionNode = FALSE
	EndGlobalSection
	GlobalSection(ExtensibilityGlobals) = postSolution
		SolutionGuid = {B483FFCC-B05F-41EB-961A-DF5CD3F79975}
	EndGlobalSection
EndGlobal
